
Microsoft Visual Studio Solution File, Format Version 12.00
# Visual Studio Version 17
VisualStudioVersion = 17.8.34322.80
MinimumVisualStudioVersion = 10.0.40219.1
Project("{FAE04EC0-301F-11D3-BF4B-00C04F79EFBC}") = "VPP", "VPP\VPP.csproj", "{DE9D1C79-EA4D-49CC-B41A-4D096C3EE86F}"
EndProject
Global
	GlobalSection(SolutionConfigurationPlatforms) = preSolution
		Debug|Any CPU = Debug|Any CPU
		Release|Any CPU = Release|Any CPU
	EndGlobalSection
	GlobalSection(ProjectConfigurationPlatforms) = postSolution
		{DE9D1C79-EA4D-49CC-B41A-4D096C3EE86F}.Debug|Any CPU.ActiveCfg = Debug|Any CPU
		{DE9D1C79-EA4D-49CC-B41A-4D096C3EE86F}.Debug|Any CPU.Build.0 = Debug|Any CPU
		{DE9D1C79-EA4D-49CC-B41A-4D096C3EE86F}.Release|Any CPU.ActiveCfg = Release|Any CPU
		{DE9D1C79-EA4D-49CC-B41A-4D096C3EE86F}.Release|Any CPU.Build.0 = Release|Any CPU
	EndGlobalSection
	GlobalSection(SolutionProperties) = preSolution
		HideSolutionNode = FALSE
	EndGlobalSection
	GlobalSection(ExtensibilityGlobals) = postSolution
		SolutionGuid = {C9F814B2-DCEB-4172-BF53-9C635E9AAB1A}
	EndGlobalSection
EndGlobal
